// !$*UTF8*$!
{
	archiveVersion = 1;
	classes = {
	};
	objectVersion = 46;
	objects = {

/* Begin PBXBuildFile section */
		428119B41DB769C8004D4343 /* AppDelegate.swift in Sources */ = {isa = PBXBuildFile; fileRef = 428119B31DB769C8004D4343 /* AppDelegate.swift */; };
		428119B61DB769C8004D4343 /* ViewController.swift in Sources */ = {isa = PBXBuildFile; fileRef = 428119B51DB769C8004D4343 /* ViewController.swift */; };
		428119B91DB769C8004D4343 /* Main.storyboard in Resources */ = {isa = PBXBuildFile; fileRef = 428119B71DB769C8004D4343 /* Main.storyboard */; };
		428119BB1DB769C8004D4343 /* Assets.xcassets in Resources */ = {isa = PBXBuildFile; fileRef = 428119BA1DB769C8004D4343 /* Assets.xcassets */; };
		428119BE1DB769C8004D4343 /* LaunchScreen.storyboard in Resources */ = {isa = PBXBuildFile; fileRef = 428119BC1DB769C8004D4343 /* LaunchScreen.storyboard */; };
/* End PBXBuildFile section */

/* Begin PBXFileReference section */
		428119B01DB769C8004D4343 /* HeaderWithPagingMenu.app */ = {isa = PBXFileReference; explicitFileType = wrapper.application; includeInIndex = 0; path = HeaderWithPagingMenu.app; sourceTree = BUILT_PRODUCTS_DIR; };
		428119B31DB769C8004D4343 /* AppDelegate.swift */ = {isa = PBXFileReference; lastKnownFileType = sourcecode.swift; path = AppDelegate.swift; sourceTree = "<group>"; };
		428119B51DB769C8004D4343 /* ViewController.swift */ = {isa = PBXFileReference; lastKnownFileType = sourcecode.swift; path = ViewController.swift; sourceTree = "<group>"; };
		428119B81DB769C8004D4343 /* Base */ = {isa = PBXFileReference; lastKnownFileType = file.storyboard; name = Base; path = Base.lproj/Main.storyboard; sourceTree = "<group>"; };
		428119BA1DB769C8004D4343 /* Assets.xcassets */ = {isa = PBXFileReference; lastKnownFileType = folder.assetcatalog; path = Assets.xcassets; sourceTree = "<group>"; };
		428119BD1DB769C8004D4343 /* Base */ = {isa = PBXFileReference; lastKnownFileType = file.storyboard; name = Base; path = Base.lproj/LaunchScreen.storyboard; sourceTree = "<group>"; };
		428119BF1DB769C8004D4343 /* Info.plist */ = {isa = PBXFileReference; lastKnownFileType = text.plist.xml; path = Info.plist; sourceTree = "<group>"; };
/* End PBXFileReference section */

/* Begin PBXFrameworksBuildPhase section */
		428119AD1DB769C8004D4343 /* Frameworks */ = {
			isa = PBXFrameworksBuildPhase;
			buildActionMask = 2147483647;
			files = (
			);
			runOnlyForDeploymentPostprocessing = 0;
		};
/* End PBXFrameworksBuildPhase section */

/* Begin PBXGroup section */
		428119A71DB769C8004D4343 = {
			isa = PBXGroup;
			children = (
				428119B21DB769C8004D4343 /* HeaderWithPagingMenu */,
				428119B11DB769C8004D4343 /* Products */,
			);
			sourceTree = "<group>";
		};
		428119B11DB769C8004D4343 /* Products */ = {
			isa = PBXGroup;
			children = (
				428119B01DB769C8004D4343 /* HeaderWithPagingMenu.app */,
			);
			name = Products;
			sourceTree = "<group>";
		};
		428119B21DB769C8004D4343 /* HeaderWithPagingMenu */ = {
			isa = PBXGroup;
			children = (
				428119B31DB769C8004D4343 /* AppDelegate.swift */,
				428119B51DB769C8004D4343 /* ViewController.swift */,
				428119B71DB769C8004D4343 /* Main.storyboard */,
				428119BA1DB769C8004D4343 /* Assets.xcassets */,
				428119BC1DB769C8004D4343 /* LaunchScreen.storyboard */,
				428119BF1DB769C8004D4343 /* Info.plist */,
			);
			path = HeaderWithPagingMenu;
			sourceTree = "<group>";
		};
/* End PBXGroup section */

/* Begin PBXNativeTarget section */
		428119AF1DB769C8004D4343 /* HeaderWithPagingMenu */ = {
			isa = PBXNativeTarget;
			buildConfigurationList = 428119C21DB769C8004D4343 /* Build configuration list for PBXNativeTarget "HeaderWithPagingMenu" */;
			buildPhases = (
				428119AC1DB769C8004D4343 /* Sources */,
				428119AD1DB769C8004D4343 /* Frameworks */,
				428119AE1DB769C8004D4343 /* Resources */,
			);
			buildRules = (
			);
			dependencies = (
			);
			name = HeaderWithPagingMenu;
			productName = HeaderWithPagingMenu;
			productReference = 428119B01DB769C8004D4343 /* HeaderWithPagingMenu.app */;
			productType = "com.apple.product-type.application";
		};
/* End PBXNativeTarget section */

/* Begin PBXProject section */
		428119A81DB769C8004D4343 /* Project object */ = {
			isa = PBXProject;
			attributes = {
				LastSwiftUpdateCheck = 0800;
				LastUpgradeCheck = 0800;
				ORGANIZATIONNAME = lastam99;
				TargetAttributes = {
					428119AF1DB769C8004D4343 = {
						CreatedOnToolsVersion = 8.0;
						DevelopmentTeam = NXXHERXPWQ;
						ProvisioningStyle = Automatic;
					};
				};
			};
			buildConfigurationList = 428119AB1DB769C8004D4343 /* Build configuration list for PBXProject "HeaderWithPagingMenu" */;
			compatibilityVersion = "Xcode 3.2";
			developmentRegion = English;
			hasScannedForEncodings = 0;
			knownRegions = (
				en,
				Base,
			);
			mainGroup = 428119A71DB769C8004D4343;
			productRefGroup = 428119B11DB769C8004D4343 /* Products */;
			projectDirPath = "";
			projectRoot = "";
			targets = (
				428119AF1DB769C8004D4343 /* HeaderWithPagingMenu */,
			);
		};
/* End PBXProject section */

/* Begin PBXResourcesBuildPhase section */
		428119AE1DB769C8004D4343 /* Resources */ = {
			isa = PBXResourcesBuildPhase;
			buildActionMask = 2147483647;
			files = (
				428119BE1DB769C8004D4343 /* LaunchScreen.storyboard in Resources */,
				428119BB1DB769C8004D4343 /* Assets.xcassets in Resources */,
				428119B91DB769C8004D4343 /* Main.storyboard in Resources */,
			);
			runOnlyForDeploymentPostprocessing = 0;
		};
/* End PBXResourcesBuildPhase section */

/* Begin PBXSourcesBuildPhase section */
		428119AC1DB769C8004D4343 /* Sources */ = {
			isa = PBXSourcesBuildPhase;
			buildActionMask = 2147483647;
			files = (
				428119B61DB769C8004D4343 /* ViewController.swift in Sources */,
				428119B41DB769C8004D4343 /* AppDelegate.swift in Sources */,
			);
			runOnlyForDeploymentPostprocessing = 0;
		};
/* End PBXSourcesBuildPhase section */

/* Begin PBXVariantGroup section */
		428119B71DB769C8004D4343 /* Main.storyboard */ = {
			isa = PBXVariantGroup;
			children = (
				428119B81DB769C8004D4343 /* Base */,
			);
			name = Main.storyboard;
			sourceTree = "<group>";
		};
		428119BC1DB769C8004D4343 /* LaunchScreen.storyboard */ = {
			isa = PBXVariantGroup;
			children = (
				428119BD1DB769C8004D4343 /* Base */,
			);
			name = LaunchScreen.storyboard;
			sourceTree = "<group>";
		};
/* End PBXVariantGroup section */

/* Begin XCBuildConfiguration section */
		428119C01DB769C8004D4343 /* Debug */ = {
			isa = XCBuildConfiguration;
			buildSettings = {
				ALWAYS_SEARCH_USER_PATHS = NO;
				CLANG_ANALYZER_NONNULL = YES;
				CLANG_CXX_LANGUAGE_STANDARD = "gnu++0x";
				CLANG_CXX_LIBRARY = "libc++";
				CLANG_ENABLE_MODULES = YES;
				CLANG_ENABLE_OBJC_ARC = YES;
				CLANG_WARN_BOOL_CONVERSION = YES;
				CLANG_WARN_CONSTANT_CONVERSION = YES;
				CLANG_WARN_DIRECT_OBJC_ISA_USAGE = YES_ERROR;
				CLANG_WARN_DOCUMENTATION_COMMENTS = YES;
				CLANG_WARN_EMPTY_BODY = YES;
				CLANG_WARN_ENUM_CONVERSION = YES;
				CLANG_WARN_INFINITE_RECURSION = YES;
				CLANG_WARN_INT_CONVERSION = YES;
				CLANG_WARN_OBJC_ROOT_CLASS = YES_ERROR;
				CLANG_WARN_SUSPICIOUS_MOVES = YES;
				CLANG_WARN_UNREACHABLE_CODE = YES;
				CLANG_WARN__DUPLICATE_METHOD_MATCH = YES;
				"CODE_SIGN_IDENTITY[sdk=iphoneos*]" = "iPhone Developer";
				COPY_PHASE_STRIP = NO;
				DEBUG_INFORMATION_FORMAT = dwarf;
				ENABLE_STRICT_OBJC_MSGSEND = YES;
				ENABLE_TESTABILITY = YES;
				GCC_C_LANGUAGE_STANDARD = gnu99;
				GCC_DYNAMIC_NO_PIC = NO;
				GCC_NO_COMMON_BLOCKS = YES;
				GCC_OPTIMIZATION_LEVEL = 0;
				GCC_PREPROCESSOR_DEFINITIONS = (
					"DEBUG=1",
					"$(inherited)",
				);
				GCC_WARN_64_TO_32_BIT_CONVERSION = YES;
				GCC_WARN_ABOUT_RETURN_TYPE = YES_ERROR;
				GCC_WARN_UNDECLARED_SELECTOR = YES;
				GCC_WARN_UNINITIALIZED_AUTOS = YES_AGGRESSIVE;
				GCC_WARN_UNUSED_FUNCTION = YES;
				GCC_WARN_UNUSED_VARIABLE = YES;
				IPHONEOS_DEPLOYMENT_TARGET = 10.0;
				MTL_ENABLE_DEBUG_INFO = YES;
				ONLY_ACTIVE_ARCH = YES;
				SDKROOT = iphoneos;
				SWIFT_ACTIVE_COMPILATION_CONDITIONS = DEBUG;
				SWIFT_OPTIMIZATION_LEVEL = "-Onone";
			};
			name = Debug;
		};
		428119C11DB769C8004D4343 /* Release */ = {
			isa = XCBuildConfiguration;
			buildSettings = {
				ALWAYS_SEARCH_USER_PATHS = NO;
				CLANG_ANALYZER_NONNULL = YES;
				CLANG_CXX_LANGUAGE_STANDARD = "gnu++0x";
				CLANG_CXX_LIBRARY = "libc++";
				CLANG_ENABLE_MODULES = YES;
				CLANG_ENABLE_OBJC_ARC = YES;
				CLANG_WARN_BOOL_CONVERSION = YES;
				CLANG_WARN_CONSTANT_CONVERSION = YES;
				CLANG_WARN_DIRECT_OBJC_ISA_USAGE = YES_ERROR;
				CLANG_WARN_DOCUMENTATION_COMMENTS = YES;
				CLANG_WARN_EMPTY_BODY = YES;
				CLANG_WARN_ENUM_CONVERSION = YES;
				CLANG_WARN_INFINITE_RECURSION = YES;
				CLANG_WARN_INT_CONVERSION = YES;
				CLANG_WARN_OBJC_ROOT_CLASS = YES_ERROR;
				CLANG_WARN_SUSPICIOUS_MOVES = YES;
				CLANG_WARN_UNREACHABLE_CODE = YES;
				CLANG_WARN__DUPLICATE_METHOD_MATCH = YES;
				"CODE_SIGN_IDENTITY[sdk=iphoneos*]" = "iPhone Developer";
				COPY_PHASE_STRIP = NO;
				DEBUG_INFORMATION_FORMAT = "dwarf-with-dsym";
				ENABLE_NS_ASSERTIONS = NO;
				ENABLE_STRICT_OBJC_MSGSEND = YES;
				GCC_C_LANGUAGE_STANDARD = gnu99;
				GCC_NO_COMMON_BLOCKS = YES;
				GCC_WARN_64_TO_32_BIT_CONVERSION = YES;
				GCC_WARN_ABOUT_RETURN_TYPE = YES_ERROR;
				GCC_WARN_UNDECLARED_SELECTOR = YES;
				GCC_WARN_UNINITIALIZED_AUTOS = YES_AGGRESSIVE;
				GCC_WARN_UNUSED_FUNCTION = YES;
				GCC_WARN_UNUSED_VARIABLE = YES;
				IPHONEOS_DEPLOYMENT_TARGET = 10.0;
				MTL_ENABLE_DEBUG_INFO = NO;
				SDKROOT = iphoneos;
				SWIFT_OPTIMIZATION_LEVEL = "-Owholemodule";
				VALIDATE_PRODUCT = YES;
			};
			name = Release;
		};
		428119C31DB769C8004D4343 /* Debug */ = {
			isa = XCBuildConfiguration;
			buildSettings = {
				ASSETCATALOG_COMPILER_APPICON_NAME = AppIcon;
				DEVELOPMENT_TEAM = NXXHERXPWQ;
				INFOPLIST_FILE = HeaderWithPagingMenu/Info.plist;
				LD_RUNPATH_SEARCH_PATHS = "$(inherited) @executable_path/Frameworks";
				PRODUCT_BUNDLE_IDENTIFIER = lastam99.HeaderWithPagingMenu;
				PRODUCT_NAME = "$(TARGET_NAME)";
				SWIFT_VERSION = 3.0;
			};
			name = Debug;
		};
		428119C41DB769C8004D4343 /* Release */ = {
			isa = XCBuildConfiguration;
			buildSettings = {
				ASSETCATALOG_COMPILER_APPICON_NAME = AppIcon;
				DEVELOPMENT_TEAM = NXXHERXPWQ;
				INFOPLIST_FILE = HeaderWithPagingMenu/Info.plist;
				LD_RUNPATH_SEARCH_PATHS = "$(inherited) @executable_path/Frameworks";
				PRODUCT_BUNDLE_IDENTIFIER = lastam99.HeaderWithPagingMenu;
				PRODUCT_NAME = "$(TARGET_NAME)";
				SWIFT_VERSION = 3.0;
			};
			name = Release;
		};
/* End XCBuildConfiguration section */

/* Begin XCConfigurationList section */
		428119AB1DB769C8004D4343 /* Build configuration list for PBXProject "HeaderWithPagingMenu" */ = {
			isa = XCConfigurationList;
			buildConfigurations = (
				428119C01DB769C8004D4343 /* Debug */,
				428119C11DB769C8004D4343 /* Release */,
			);
			defaultConfigurationIsVisible = 0;
			defaultConfigurationName = Release;
		};
		428119C21DB769C8004D4343 /* Build configuration list for PBXNativeTarget "HeaderWithPagingMenu" */ = {
			isa = XCConfigurationList;
			buildConfigurations = (
				428119C31DB769C8004D4343 /* Debug */,
				428119C41DB769C8004D4343 /* Release */,
			);
			defaultConfigurationIsVisible = 0;
		};
/* End XCConfigurationList section */
	};
	rootObject = 428119A81DB769C8004D4343 /* Project object */;
}
